
Microsoft Visual Studio Solution File, Format Version 12.00
# Visual Studio Version 16
VisualStudioVersion = 16.0.30413.136
MinimumVisualStudioVersion = 10.0.40219.1
Project("{FAE04EC0-301F-11D3-BF4B-00C04F79EFBC}") = "Task23_Info", "Task23_Info\Task23_Info.csproj", "{037381E4-4A20-49DD-9D79-C80F442B35F1}"
EndProject
Global
	GlobalSection(SolutionConfigurationPlatforms) = preSolution
		Debug|Any CPU = Debug|Any CPU
		Release|Any CPU = Release|Any CPU
	EndGlobalSection
	GlobalSection(ProjectConfigurationPlatforms) = postSolution
		{037381E4-4A20-49DD-9D79-C80F442B35F1}.Debug|Any CPU.ActiveCfg = Debug|Any CPU
		{037381E4-4A20-49DD-9D79-C80F442B35F1}.Debug|Any CPU.Build.0 = Debug|Any CPU
		{037381E4-4A20-49DD-9D79-C80F442B35F1}.Release|Any CPU.ActiveCfg = Release|Any CPU
		{037381E4-4A20-49DD-9D79-C80F442B35F1}.Release|Any CPU.Build.0 = Release|Any CPU
	EndGlobalSection
	GlobalSection(SolutionProperties) = preSolution
		HideSolutionNode = FALSE
	EndGlobalSection
	GlobalSection(ExtensibilityGlobals) = postSolution
		SolutionGuid = {09681681-9B44-40A6-B49D-4FE4680B8B71}
	EndGlobalSection
EndGlobal
